// !$*UTF8*$!
{
	archiveVersion = 1;
	classes = {
	};
	objectVersion = 46;
	objects = {

/* Begin PBXBuildFile section */
		DB90CA451472F59C0024171A /* cmath.h in Headers */ = {isa = PBXBuildFile; fileRef = DB90CA441472F59C0024171A /* cmath.h */; };
		DB90CA481472F5CB0024171A /* cmath.c in Sources */ = {isa = PBXBuildFile; fileRef = DB90CA471472F5CB0024171A /* cmath.c */; };
		DB90CA4A1472F5EC0024171A /* vecmath.h in Headers */ = {isa = PBXBuildFile; fileRef = DB90CA491472F5EC0024171A /* vecmath.h */; };
		DB90CA4C1472F6380024171A /* vecmath.c in Sources */ = {isa = PBXBuildFile; fileRef = DB90CA4B1472F6380024171A /* vecmath.c */; };
		DB90CA4E1472F64A0024171A /* mtxmath.h in Headers */ = {isa = PBXBuildFile; fileRef = DB90CA4D1472F64A0024171A /* mtxmath.h */; };
/* End PBXBuildFile section */

/* Begin PBXFileReference section */
		DB17FBF6147189B100580633 /* libcmath.a */ = {isa = PBXFileReference; explicitFileType = archive.ar; includeInIndex = 0; path = libcmath.a; sourceTree = BUILT_PRODUCTS_DIR; };
		DB90CA441472F59C0024171A /* cmath.h */ = {isa = PBXFileReference; fileEncoding = 4; lastKnownFileType = sourcecode.c.h; path = cmath.h; sourceTree = "<group>"; };
		DB90CA471472F5CB0024171A /* cmath.c */ = {isa = PBXFileReference; fileEncoding = 4; lastKnownFileType = sourcecode.c.c; path = cmath.c; sourceTree = "<group>"; };
		DB90CA491472F5EC0024171A /* vecmath.h */ = {isa = PBXFileReference; fileEncoding = 4; lastKnownFileType = sourcecode.c.h; path = vecmath.h; sourceTree = "<group>"; };
		DB90CA4B1472F6380024171A /* vecmath.c */ = {isa = PBXFileReference; fileEncoding = 4; lastKnownFileType = sourcecode.c.c; path = vecmath.c; sourceTree = "<group>"; };
		DB90CA4D1472F64A0024171A /* mtxmath.h */ = {isa = PBXFileReference; fileEncoding = 4; lastKnownFileType = sourcecode.c.h; path = mtxmath.h; sourceTree = "<group>"; };
/* End PBXFileReference section */

/* Begin PBXFrameworksBuildPhase section */
		DB17FBF3147189B100580633 /* Frameworks */ = {
			isa = PBXFrameworksBuildPhase;
			buildActionMask = 2147483647;
			files = (
			);
			runOnlyForDeploymentPostprocessing = 0;
		};
/* End PBXFrameworksBuildPhase section */

/* Begin PBXGroup section */
		DB17FBEB147189B100580633 = {
			isa = PBXGroup;
			children = (
				DB90CA441472F59C0024171A /* cmath.h */,
				DB90CA491472F5EC0024171A /* vecmath.h */,
				DB90CA4B1472F6380024171A /* vecmath.c */,
				DB90CA4D1472F64A0024171A /* mtxmath.h */,
				DB90CA471472F5CB0024171A /* cmath.c */,
				DB17FBF7147189B100580633 /* Products */,
			);
			sourceTree = "<group>";
		};
		DB17FBF7147189B100580633 /* Products */ = {
			isa = PBXGroup;
			children = (
				DB17FBF6147189B100580633 /* libcmath.a */,
			);
			name = Products;
			sourceTree = "<group>";
		};
/* End PBXGroup section */

/* Begin PBXHeadersBuildPhase section */
		DB17FBF4147189B100580633 /* Headers */ = {
			isa = PBXHeadersBuildPhase;
			buildActionMask = 2147483647;
			files = (
				DB90CA451472F59C0024171A /* cmath.h in Headers */,
				DB90CA4A1472F5EC0024171A /* vecmath.h in Headers */,
				DB90CA4E1472F64A0024171A /* mtxmath.h in Headers */,
			);
			runOnlyForDeploymentPostprocessing = 0;
		};
/* End PBXHeadersBuildPhase section */

/* Begin PBXNativeTarget section */
		DB17FBF5147189B100580633 /* cmath */ = {
			isa = PBXNativeTarget;
			buildConfigurationList = DB17FBFA147189B100580633 /* Build configuration list for PBXNativeTarget "cmath" */;
			buildPhases = (
				DB17FBF2147189B100580633 /* Sources */,
				DB17FBF3147189B100580633 /* Frameworks */,
				DB17FBF4147189B100580633 /* Headers */,
			);
			buildRules = (
			);
			dependencies = (
			);
			name = cmath;
			productName = cmath;
			productReference = DB17FBF6147189B100580633 /* libcmath.a */;
			productType = "com.apple.product-type.library.static";
		};
/* End PBXNativeTarget section */

/* Begin PBXProject section */
		DB17FBED147189B100580633 /* Project object */ = {
			isa = PBXProject;
			attributes = {
				LastUpgradeCheck = 0420;
				ORGANIZATIONNAME = "Carnegie Mellon";
			};
			buildConfigurationList = DB17FBF0147189B100580633 /* Build configuration list for PBXProject "cmath" */;
			compatibilityVersion = "Xcode 3.2";
			developmentRegion = English;
			hasScannedForEncodings = 0;
			knownRegions = (
				en,
			);
			mainGroup = DB17FBEB147189B100580633;
			productRefGroup = DB17FBF7147189B100580633 /* Products */;
			projectDirPath = "";
			projectRoot = "";
			targets = (
				DB17FBF5147189B100580633 /* cmath */,
			);
		};
/* End PBXProject section */

/* Begin PBXSourcesBuildPhase section */
		DB17FBF2147189B100580633 /* Sources */ = {
			isa = PBXSourcesBuildPhase;
			buildActionMask = 2147483647;
			files = (
				DB90CA481472F5CB0024171A /* cmath.c in Sources */,
				DB90CA4C1472F6380024171A /* vecmath.c in Sources */,
			);
			runOnlyForDeploymentPostprocessing = 0;
		};
/* End PBXSourcesBuildPhase section */

/* Begin XCBuildConfiguration section */
		DB17FBF8147189B100580633 /* Debug */ = {
			isa = XCBuildConfiguration;
			buildSettings = {
				ALWAYS_SEARCH_USER_PATHS = NO;
				ARCHS = "$(ARCHS_STANDARD_64_BIT)";
				CLANG_ENABLE_OBJC_ARC = YES;
				COPY_PHASE_STRIP = NO;
				GCC_C_LANGUAGE_STANDARD = gnu99;
				GCC_DYNAMIC_NO_PIC = NO;
				GCC_ENABLE_OBJC_EXCEPTIONS = YES;
				GCC_OPTIMIZATION_LEVEL = 0;
				GCC_PREPROCESSOR_DEFINITIONS = (
					"DEBUG=1",
					"$(inherited)",
				);
				GCC_SYMBOLS_PRIVATE_EXTERN = NO;
				GCC_VERSION = com.apple.compilers.llvm.clang.1_0;
				GCC_WARN_64_TO_32_BIT_CONVERSION = YES;
				GCC_WARN_ABOUT_MISSING_PROTOTYPES = YES;
				GCC_WARN_ABOUT_RETURN_TYPE = YES;
				GCC_WARN_UNUSED_VARIABLE = YES;
				MACOSX_DEPLOYMENT_TARGET = 10.7;
				ONLY_ACTIVE_ARCH = YES;
				SDKROOT = macosx;
			};
			name = Debug;
		};
		DB17FBF9147189B100580633 /* Release */ = {
			isa = XCBuildConfiguration;
			buildSettings = {
				ALWAYS_SEARCH_USER_PATHS = NO;
				ARCHS = "$(ARCHS_STANDARD_64_BIT)";
				CLANG_ENABLE_OBJC_ARC = YES;
				COPY_PHASE_STRIP = YES;
				DEBUG_INFORMATION_FORMAT = "dwarf-with-dsym";
				GCC_C_LANGUAGE_STANDARD = gnu99;
				GCC_ENABLE_OBJC_EXCEPTIONS = YES;
				GCC_VERSION = com.apple.compilers.llvm.clang.1_0;
				GCC_WARN_64_TO_32_BIT_CONVERSION = YES;
				GCC_WARN_ABOUT_MISSING_PROTOTYPES = YES;
				GCC_WARN_ABOUT_RETURN_TYPE = YES;
				GCC_WARN_UNUSED_VARIABLE = YES;
				MACOSX_DEPLOYMENT_TARGET = 10.7;
				SDKROOT = macosx;
			};
			name = Release;
		};
		DB17FBFB147189B100580633 /* Debug */ = {
			isa = XCBuildConfiguration;
			buildSettings = {
				EXECUTABLE_PREFIX = lib;
				PRODUCT_NAME = "$(TARGET_NAME)";
			};
			name = Debug;
		};
		DB17FBFC147189B100580633 /* Release */ = {
			isa = XCBuildConfiguration;
			buildSettings = {
				EXECUTABLE_PREFIX = lib;
				PRODUCT_NAME = "$(TARGET_NAME)";
			};
			name = Release;
		};
/* End XCBuildConfiguration section */

/* Begin XCConfigurationList section */
		DB17FBF0147189B100580633 /* Build configuration list for PBXProject "cmath" */ = {
			isa = XCConfigurationList;
			buildConfigurations = (
				DB17FBF8147189B100580633 /* Debug */,
				DB17FBF9147189B100580633 /* Release */,
			);
			defaultConfigurationIsVisible = 0;
			defaultConfigurationName = Release;
		};
		DB17FBFA147189B100580633 /* Build configuration list for PBXNativeTarget "cmath" */ = {
			isa = XCConfigurationList;
			buildConfigurations = (
				DB17FBFB147189B100580633 /* Debug */,
				DB17FBFC147189B100580633 /* Release */,
			);
			defaultConfigurationIsVisible = 0;
			defaultConfigurationName = Release;
		};
/* End XCConfigurationList section */
	};
	rootObject = DB17FBED147189B100580633 /* Project object */;
}
